{
  "requires": true,
  "lockfileVersion": 1,
  "dependencies": {
    "handsontable": {
      "version": "0.35.0",
      "resolved": "https://registry.npmjs.org/handsontable/-/handsontable-0.35.0.tgz",
      "integrity": "sha512-y6lKobJ/Wd/MlBG8HM0Rcml7s3Mj7TSJMZqP8/5wCjAKgX29jxP3bccm5iLu90By8kL6jCIV1E8sYU1KQmh3uw==",
      "requires": {
        "moment": "2.18.1",
        "numbro": "1.11.0",
        "pikaday": "1.5.1"
      }
    },
    "moment": {
      "version": "2.18.1",
      "resolved": "https://registry.npmjs.org/moment/-/moment-2.18.1.tgz",
      "integrity": "sha1-w2GT3Tzhwu7SrbfIAtu8d6gbHA8="
    },
    "ng2-handsontable": {
      "version": "2.0.0",
      "resolved": "https://registry.npmjs.org/ng2-handsontable/-/ng2-handsontable-2.0.0.tgz",
      "integrity": "sha512-rFD03uX0QU9LB2jmOXdJs1nuHDLCrpsetla3kUdlr14EEEuG7YvGa6ZAmeIaRt4vVQ2kHVw2rqROv5g0YyoHUg==",
      "requires": {
        "handsontable": "0.35.0"
      }
    },
    "numbro": {
      "version": "1.11.0",
      "resolved": "https://registry.npmjs.org/numbro/-/numbro-1.11.0.tgz",
      "integrity": "sha1-OaoXs1i0aCrsjKDVdV81xdnOj54="
    },
    "pikaday": {
      "version": "1.5.1",
      "resolved": "https://registry.npmjs.org/pikaday/-/pikaday-1.5.1.tgz",
      "integrity": "sha1-CkhUm8GhTqHQjEQHTXYbwvK/z9M=",
      "requires": {
        "moment": "2.18.1"
      }
    }
  }
}
